
Microsoft Visual Studio Solution File, Format Version 10.00
# Visual Studio 2008
Project("{8BC9CEB8-8B4A-11D0-8D11-00A0C91BC942}") = "SINmain", "SINmain\Projects\VS\SINmain.vcproj", "{767638BE-5847-45DC-BAC8-A40711323F13}"
EndProject
Project("{8BC9CEB8-8B4A-11D0-8D11-00A0C91BC942}") = "SINParser", "SINParser\Projects\VS\SINParser.vcproj", "{42D01C3B-D8A9-4DD0-9994-EC4E377B04B6}"
EndProject
Project("{8BC9CEB8-8B4A-11D0-8D11-00A0C91BC942}") = "SINCommon", "SINCommon\Projects\VS\SINCommon.vcproj", "{24375CE7-D218-4936-AC99-552B1B4C2E98}"
EndProject
Project("{8BC9CEB8-8B4A-11D0-8D11-00A0C91BC942}") = "Common", "Common\Projects\VS\Common.vcproj", "{67ADD475-BC3E-4485-A405-872A093C62F3}"
EndProject
Project("{8BC9CEB8-8B4A-11D0-8D11-00A0C91BC942}") = "SINAST", "SINAST\Projects\VS\SINAST.vcproj", "{E935FBB8-4670-4ED5-B84E-CE44E3F54B3E}"
EndProject
Global
	GlobalSection(SolutionConfigurationPlatforms) = preSolution
		Debug|Win32 = Debug|Win32
		Release|Win32 = Release|Win32
	EndGlobalSection
	GlobalSection(ProjectConfigurationPlatforms) = postSolution
		{767638BE-5847-45DC-BAC8-A40711323F13}.Debug|Win32.ActiveCfg = Debug|Win32
		{767638BE-5847-45DC-BAC8-A40711323F13}.Debug|Win32.Build.0 = Debug|Win32
		{767638BE-5847-45DC-BAC8-A40711323F13}.Release|Win32.ActiveCfg = Release|Win32
		{767638BE-5847-45DC-BAC8-A40711323F13}.Release|Win32.Build.0 = Release|Win32
		{42D01C3B-D8A9-4DD0-9994-EC4E377B04B6}.Debug|Win32.ActiveCfg = Debug|Win32
		{42D01C3B-D8A9-4DD0-9994-EC4E377B04B6}.Debug|Win32.Build.0 = Debug|Win32
		{42D01C3B-D8A9-4DD0-9994-EC4E377B04B6}.Release|Win32.ActiveCfg = Release|Win32
		{42D01C3B-D8A9-4DD0-9994-EC4E377B04B6}.Release|Win32.Build.0 = Release|Win32
		{24375CE7-D218-4936-AC99-552B1B4C2E98}.Debug|Win32.ActiveCfg = Debug|Win32
		{24375CE7-D218-4936-AC99-552B1B4C2E98}.Debug|Win32.Build.0 = Debug|Win32
		{24375CE7-D218-4936-AC99-552B1B4C2E98}.Release|Win32.ActiveCfg = Release|Win32
		{24375CE7-D218-4936-AC99-552B1B4C2E98}.Release|Win32.Build.0 = Release|Win32
		{67ADD475-BC3E-4485-A405-872A093C62F3}.Debug|Win32.ActiveCfg = Debug|Win32
		{67ADD475-BC3E-4485-A405-872A093C62F3}.Debug|Win32.Build.0 = Debug|Win32
		{67ADD475-BC3E-4485-A405-872A093C62F3}.Release|Win32.ActiveCfg = Release|Win32
		{67ADD475-BC3E-4485-A405-872A093C62F3}.Release|Win32.Build.0 = Release|Win32
		{E935FBB8-4670-4ED5-B84E-CE44E3F54B3E}.Debug|Win32.ActiveCfg = Debug|Win32
		{E935FBB8-4670-4ED5-B84E-CE44E3F54B3E}.Debug|Win32.Build.0 = Debug|Win32
		{E935FBB8-4670-4ED5-B84E-CE44E3F54B3E}.Release|Win32.ActiveCfg = Release|Win32
		{E935FBB8-4670-4ED5-B84E-CE44E3F54B3E}.Release|Win32.Build.0 = Release|Win32
	EndGlobalSection
	GlobalSection(SolutionProperties) = preSolution
		HideSolutionNode = FALSE
	EndGlobalSection
EndGlobal
